%{"abnfc": {:git, "git://github.com/heroku/abnfc.git", "856c77cce8f0dd66bfe95f3ec4041f9f59b742bb", [branch: "master"]},
  "backoff": {:git, "git://github.com/ferd/backoff.git", "ffb7fdeacf8e4514ce047ca91c178131f8845f3e", [ref: "ffb7fdeacf8e4514ce047ca91c178131f8845f3e"]},
  "batchio": {:git, "git://github.com/ferd/batchio.git", "a7e42f1be56c4e4080695c3c1a3cb0d202b126a5", [tag: "1.0.0"]},
  "bbmustache": {:hex, :bbmustache, "1.0.3"},
  "bear": {:git, "git://github.com/boundary/bear.git", "119234548783af19b8ec75c879c5062676b92571", [tag: "0.8.2"]},
  "conform": {:hex, :conform, "0.16.0"},
  "cowboy": {:git, "git://github.com/ninenines/cowboy.git", "3d9078018d7f0a83a359b70c698d35e35fbb94f9", [tag: "1.0.1"]},
  "cowlib": {:git, "git://github.com/ninenines/cowlib.git", "d544a494af4dbc810fc9c15eaf5cc050cced1501", [ref: "1.0.0"]},
  "erlware_commons": {:hex, :erlware_commons, "0.15.0"},
  "ex_uri": {:git, "git://github.com/heroku/ex_uri.git", "16f26db7026493d2934f615f8884fad42675f00e", [branch: "master"]},
  "exrm": {:hex, :exrm, "0.19.6"},
  "folsom": {:git, "https://github.com/boundary/folsom.git", "38e2cce7c64ce1f0a3a918d90394cfc0a940b1ba", [tag: "0.8.2"]},
  "folsom_cowboy": {:git, "https://github.com/evanmcc/folsom_cowboy.git", "26f85d4b5658a264f328b15cce506ef7f2b484a1", [ref: "26f85d4b5658a264f328b15cce506ef7f2b484a1"]},
  "getopt": {:hex, :getopt, "0.8.2"},
  "goldrush": {:git, "git://github.com/DeadZen/goldrush.git", "64864ba7fcf40988361340e48680b49a2c2938cf", [tag: "0.1.7"]},
  "gproc": {:git, "git://github.com/uwiger/gproc.git", "4c55ba64e17e9937d59353c89c839a3ed2ff0114", [branch: "master"]},
  "heroku_crashdumps": {:git, "git://github.com/heroku/heroku_crashdumps.git", "22cd1c7fe5cb2f725a26521e609b811433e0537b", [tag: "0.1.0"]},
  "jsx": {:git, "https://github.com/talentdeficit/jsx.git", "592bde45b14fe481f609054e6bc478cb8e9ee97e", [tag: "v1.3.1"]},
  "lager": {:git, "git://github.com/basho/lager.git", "cbf6679c6a693772fd1629c9cdc093e4c6c4ebf8", [tag: "3.0.1"]},
  "meck": {:git, "https://github.com/eproxus/meck.git", "dde759050eff19a1a80fd854d7375174b191665d", [tag: "0.8.2"]},
  "mochiweb": {:git, "git://github.com/heroku/mochiweb.git", "6e06bd60897c018af9951f4549d8d279952b19db", [tag: "R16B01"]},
  "neotoma": {:hex, :neotoma, "1.7.3"},
  "nsync": {:git, "git://github.com/heroku/nsync.git", "687d499bcf14ecd87a44d416a58cf67c3f558fa5", [branch: "OTP-17.4"]},
  "pagerduty": {:git, "git://github.com/JacobVorreuter/pagerduty.git", "7891ca1eccb0e0b11af6385f7394f4e515a437f8", [branch: "master"]},
  "pobox": {:git, "git://github.com/ferd/pobox.git", "8f9f227e1de2c0342ff1dac01f0219996dc08c4c", [ref: "master"]},
  "providers": {:hex, :providers, "1.4.1"},
  "quoted": {:git, "git://github.com/pivotree/quoted.erl.git", "079736cd5c3b71df6cc32a1868991bef86dfa231", [branch: "master"]},
  "ranch": {:git, "git://github.com/ninenines/ranch.git", "adf1822defc2b7cfdc7aca112adabfa1d614043c", [ref: "1.0.0"]},
  "recon": {:git, "git://github.com/ferd/recon.git", "59589b71e7ad3b0f4f93571905f572db5fae7821", [branch: "master"]},
  "redgrid": {:git, "git://github.com/JacobVorreuter/redgrid.git", "0e2f705126597779f1d73a4cec3a71264bd09549", [tag: "v1.0.3"]},
  "redis": {:git, "git://github.com/JacobVorreuter/redis_pool.git", "42c4e80c5652ddea0950f2c0f74baecc744575fe", [branch: "master"]},
  "redo": {:git, "git://github.com/JacobVorreuter/redo.git", "7c7eaef4cd65271e2fc4ea88587e848407cf0762", [ref: "7c7eaef4cd65271e2fc4ea88587e848407cf0762"]},
  "relx": {:hex, :relx, "3.5.0"}}
