[{<<"abnfc">>,
  {git,"https://github.com/heroku/abnfc.git",
       {ref,"856c77cce8f0dd66bfe95f3ec4041f9f59b742bb"}},
  0},
 {<<"backoff">>,
  {git,"git://github.com/ferd/backoff.git",
       {ref,"ffb7fdeacf8e4514ce047ca91c178131f8845f3e"}},
  1},
 {<<"batchio">>,
  {git,"git://github.com/ferd/batchio.git",
       {ref,"a7e42f1be56c4e4080695c3c1a3cb0d202b126a5"}},
  0},
 {<<"bear">>,
  {git,"git://github.com/boundary/bear.git",
       {ref,"119234548783af19b8ec75c879c5062676b92571"}},
  1},
 {<<"cowboy">>,
  {git,"git://github.com/ninenines/cowboy.git",
       {ref,"3d9078018d7f0a83a359b70c698d35e35fbb94f9"}},
  0},
 {<<"cowlib">>,
  {git,"git://github.com/ninenines/cowlib.git",
       {ref,"d544a494af4dbc810fc9c15eaf5cc050cced1501"}},
  1},
 {<<"ex_uri">>,
  {git,"git://github.com/heroku/ex_uri.git",
       {ref,"16f26db7026493d2934f615f8884fad42675f00e"}},
  0},
 {<<"folsom">>,
  {git,"https://github.com/boundary/folsom.git",
       {ref,"38e2cce7c64ce1f0a3a918d90394cfc0a940b1ba"}},
  0},
 {<<"folsom_cowboy">>,
  {git,"https://github.com/voidlock/folsom_cowboy.git",
       {ref,"a44b0671bf1b80e4e63e19871e15e656edce0d43"}},
  0},
 {<<"goldrush">>,
  {git,"git://github.com/DeadZen/goldrush.git",
       {ref,"64864ba7fcf40988361340e48680b49a2c2938cf"}},
  1},
 {<<"gproc">>,
  {git,"git://github.com/uwiger/gproc.git",
       {ref,"2b1b9ac870416469097af695de413afd5e78f66c"}},
  0},
 {<<"heroku_crashdumps">>,
  {git,"git://github.com/heroku/heroku_crashdumps.git",
       {ref,"22cd1c7fe5cb2f725a26521e609b811433e0537b"}},
  0},
 {<<"jsx">>,
  {git,"https://github.com/talentdeficit/jsx.git",
       {ref,"2d8a7d07da511400475cfc5da649fda0c391f01d"}},
  0},
 {<<"lager">>,
  {git,"git://github.com/basho/lager.git",
       {ref,"cbf6679c6a693772fd1629c9cdc093e4c6c4ebf8"}},
  0},
 {<<"meck">>,
  {git,"git://github.com/eproxus/meck",
       {ref,"dde759050eff19a1a80fd854d7375174b191665d"}},
  1},
 {<<"mochiweb">>,
  {git,"git://github.com/heroku/mochiweb.git",
       {ref,"6e06bd60897c018af9951f4549d8d279952b19db"}},
  0},
 {<<"nsync">>,
  {git,"git://github.com/heroku/nsync.git",
       {ref,"df46d5315b94d71942599f15ff3187795e195085"}},
  0},
 {<<"pagerduty">>,
  {git,"git://github.com/heroku/pagerduty.git",
       {ref,"36e4b95cdd05d309ff5aea9f01914b86bcce5d17"}},
  0},
 {<<"pobox">>,
  {git,"git://github.com/ferd/pobox.git",
       {ref,"8f9f227e1de2c0342ff1dac01f0219996dc08c4c"}},
  1},
 {<<"quoted">>,
  {git,"git://github.com/pivotree/quoted.erl.git",
       {ref,"079736cd5c3b71df6cc32a1868991bef86dfa231"}},
  0},
 {<<"ranch">>,
  {git,"git://github.com/ninenines/ranch.git",
       {ref,"adf1822defc2b7cfdc7aca112adabfa1d614043c"}},
  1},
 {<<"recon">>,
  {git,"git://github.com/ferd/recon.git",
       {ref,"fcc1a7db6d367234171ab24a3d1762f94e57ff22"}},
  0},
 {<<"redgrid">>,
  {git,"git://github.com/heroku/redgrid.git",
       {ref,"4082e986ea92901c7da4f26918841bca4738f186"}},
  0},
 {<<"redis">>,
  {git,"git://github.com/heroku/redis_pool.git",
       {ref,"42c4e80c5652ddea0950f2c0f74baecc744575fe"}},
  0},
 {<<"redo">>,
  {git,"git://github.com/heroku/redo.git",
       {ref,"cd75a11697d69e38b6e5e1750b7ec18414fb60eb"}},
  0},
 {<<"ssl_verify_hostname">>,
  {git,"https://github.com/deadtrickster/ssl_verify_hostname.erl.git",
       {ref,"1105981e2c3afb40dcda46163aa54c3f931a1e0b"}},
  0},
 {<<"syslog">>,
  {git,"https://github.com/heroku/erlang_syslog",
       {ref,"0cfef5a95150e11f60fee5c35b24decfcc41066e"}},
  0}].
